
Microsoft Visual Studio Solution File, Format Version 12.00
# Visual Studio 15
VisualStudioVersion = 15.0.28307.539
MinimumVisualStudioVersion = 10.0.40219.1
Project("{FAE04EC0-301F-11D3-BF4B-00C04F79EFBC}") = "FTPServer.Exe", "FTPServer.Exe\FTPServer.Exe.csproj", "{8CBA2F72-787E-42DD-A0B7-82B7A3D73B23}"
EndProject
Project("{D954291E-2A0B-460D-934E-DC6B0785DB48}") = "FTPServer.Shared", "FTPServer.Shared\FTPServer.Shared.shproj", "{BD6130EB-EB95-4731-983A-C99408074C12}"
EndProject
Project("{9A19103F-16F7-4668-BE54-9A1E7A4F7556}") = "FTPServer.CoreExe", "FTPServer.CoreExe\FTPServer.CoreExe.csproj", "{EC682282-5D5B-4332-A782-54C63D7F6320}"
EndProject
Global
	GlobalSection(SharedMSBuildProjectFiles) = preSolution
		FTPServer.Shared\FTPServer.Shared.projitems*{8cba2f72-787e-42dd-a0b7-82b7a3d73b23}*SharedItemsImports = 4
		FTPServer.Shared\FTPServer.Shared.projitems*{bd6130eb-eb95-4731-983a-c99408074c12}*SharedItemsImports = 13
	EndGlobalSection
	GlobalSection(SolutionConfigurationPlatforms) = preSolution
		Debug|Any CPU = Debug|Any CPU
		Release|Any CPU = Release|Any CPU
	EndGlobalSection
	GlobalSection(ProjectConfigurationPlatforms) = postSolution
		{8CBA2F72-787E-42DD-A0B7-82B7A3D73B23}.Debug|Any CPU.ActiveCfg = Debug|Any CPU
		{8CBA2F72-787E-42DD-A0B7-82B7A3D73B23}.Debug|Any CPU.Build.0 = Debug|Any CPU
		{8CBA2F72-787E-42DD-A0B7-82B7A3D73B23}.Release|Any CPU.ActiveCfg = Release|Any CPU
		{8CBA2F72-787E-42DD-A0B7-82B7A3D73B23}.Release|Any CPU.Build.0 = Release|Any CPU
		{EC682282-5D5B-4332-A782-54C63D7F6320}.Debug|Any CPU.ActiveCfg = Debug|Any CPU
		{EC682282-5D5B-4332-A782-54C63D7F6320}.Debug|Any CPU.Build.0 = Debug|Any CPU
		{EC682282-5D5B-4332-A782-54C63D7F6320}.Release|Any CPU.ActiveCfg = Release|Any CPU
		{EC682282-5D5B-4332-A782-54C63D7F6320}.Release|Any CPU.Build.0 = Release|Any CPU
	EndGlobalSection
	GlobalSection(SolutionProperties) = preSolution
		HideSolutionNode = FALSE
	EndGlobalSection
	GlobalSection(ExtensibilityGlobals) = postSolution
		SolutionGuid = {34E472FD-029D-4530-828A-793A19DF0025}
	EndGlobalSection
EndGlobal
