
Microsoft Visual Studio Solution File, Format Version 12.00
# Visual Studio 15
VisualStudioVersion = 15.0.28307.539
MinimumVisualStudioVersion = 10.0.40219.1
Project("{FAE04EC0-301F-11D3-BF4B-00C04F79EFBC}") = "FTPServer", "FTPServer\FTPServer.csproj", "{5340EF8C-BF0E-4481-8ECC-C1159B9705D0}"
EndProject
Project("{FAE04EC0-301F-11D3-BF4B-00C04F79EFBC}") = "FTPServer.Cmd", "FTPServer.Cmd\FTPServer.Cmd.csproj", "{58214DD6-4702-4DE0-B59A-B820A7B0F8CC}"
EndProject
Global
	GlobalSection(SolutionConfigurationPlatforms) = preSolution
		Debug|Any CPU = Debug|Any CPU
		Release|Any CPU = Release|Any CPU
	EndGlobalSection
	GlobalSection(ProjectConfigurationPlatforms) = postSolution
		{5340EF8C-BF0E-4481-8ECC-C1159B9705D0}.Debug|Any CPU.ActiveCfg = Debug|Any CPU
		{5340EF8C-BF0E-4481-8ECC-C1159B9705D0}.Debug|Any CPU.Build.0 = Debug|Any CPU
		{5340EF8C-BF0E-4481-8ECC-C1159B9705D0}.Release|Any CPU.ActiveCfg = Release|Any CPU
		{5340EF8C-BF0E-4481-8ECC-C1159B9705D0}.Release|Any CPU.Build.0 = Release|Any CPU
		{58214DD6-4702-4DE0-B59A-B820A7B0F8CC}.Debug|Any CPU.ActiveCfg = Debug|Any CPU
		{58214DD6-4702-4DE0-B59A-B820A7B0F8CC}.Debug|Any CPU.Build.0 = Debug|Any CPU
		{58214DD6-4702-4DE0-B59A-B820A7B0F8CC}.Release|Any CPU.ActiveCfg = Release|Any CPU
		{58214DD6-4702-4DE0-B59A-B820A7B0F8CC}.Release|Any CPU.Build.0 = Release|Any CPU
	EndGlobalSection
	GlobalSection(SolutionProperties) = preSolution
		HideSolutionNode = FALSE
	EndGlobalSection
	GlobalSection(ExtensibilityGlobals) = postSolution
		SolutionGuid = {34E472FD-029D-4530-828A-793A19DF0025}
	EndGlobalSection
EndGlobal
